
Microsoft Visual Studio Solution File, Format Version 12.00
# Visual Studio Version 17
VisualStudioVersion = 17.1.32421.90
MinimumVisualStudioVersion = 10.0.40219.1
Project("{9A19103F-16F7-4668-BE54-9A1E7A4F7556}") = "calculo", "calculo.csproj", "{0D72B647-1F9A-4F72-B765-11B56215367B}"
EndProject
Global
	GlobalSection(SolutionConfigurationPlatforms) = preSolution
		Debug|Any CPU = Debug|Any CPU
		Release|Any CPU = Release|Any CPU
	EndGlobalSection
	GlobalSection(ProjectConfigurationPlatforms) = postSolution
		{0D72B647-1F9A-4F72-B765-11B56215367B}.Debug|Any CPU.ActiveCfg = Debug|Any CPU
		{0D72B647-1F9A-4F72-B765-11B56215367B}.Debug|Any CPU.Build.0 = Debug|Any CPU
		{0D72B647-1F9A-4F72-B765-11B56215367B}.Release|Any CPU.ActiveCfg = Release|Any CPU
		{0D72B647-1F9A-4F72-B765-11B56215367B}.Release|Any CPU.Build.0 = Release|Any CPU
	EndGlobalSection
	GlobalSection(SolutionProperties) = preSolution
		HideSolutionNode = FALSE
	EndGlobalSection
	GlobalSection(ExtensibilityGlobals) = postSolution
		SolutionGuid = {87F80D2E-8BD2-4388-939E-03717D89F86B}
	EndGlobalSection
EndGlobal
