
Microsoft Visual Studio Solution File, Format Version 12.00
# Visual Studio Version 17
VisualStudioVersion = 17.1.32421.90
MinimumVisualStudioVersion = 10.0.40219.1
Project("{FAE04EC0-301F-11D3-BF4B-00C04F79EFBC}") = "Practica 10", "Practica 10\Practica 10.csproj", "{921DC9EC-BFE3-4D94-9C81-B6048A5DD689}"
EndProject
Global
	GlobalSection(SolutionConfigurationPlatforms) = preSolution
		Debug|Any CPU = Debug|Any CPU
		Release|Any CPU = Release|Any CPU
	EndGlobalSection
	GlobalSection(ProjectConfigurationPlatforms) = postSolution
		{921DC9EC-BFE3-4D94-9C81-B6048A5DD689}.Debug|Any CPU.ActiveCfg = Debug|Any CPU
		{921DC9EC-BFE3-4D94-9C81-B6048A5DD689}.Debug|Any CPU.Build.0 = Debug|Any CPU
		{921DC9EC-BFE3-4D94-9C81-B6048A5DD689}.Release|Any CPU.ActiveCfg = Release|Any CPU
		{921DC9EC-BFE3-4D94-9C81-B6048A5DD689}.Release|Any CPU.Build.0 = Release|Any CPU
	EndGlobalSection
	GlobalSection(SolutionProperties) = preSolution
		HideSolutionNode = FALSE
	EndGlobalSection
	GlobalSection(ExtensibilityGlobals) = postSolution
		SolutionGuid = {E9D9B380-5BC4-4543-8F1C-D4BF1C69DA11}
	EndGlobalSection
EndGlobal
